
Microsoft Visual Studio Solution File, Format Version 12.00
# Visual Studio Version 17
VisualStudioVersion = 17.4.33122.133
MinimumVisualStudioVersion = 10.0.40219.1
Project("{2150E333-8FDC-42A3-9474-1A3956D46DE8}") = "Solution folder", "Solution folder", "{A3743C48-7788-4953-8397-61034885A050}"
	ProjectSection(SolutionItems) = preProject
		README.md = README.md
		.gitattributes = .gitattributes
		.gitignore = .gitignore
		LICENSE.txt = LICENSE.txt
	EndProjectSection
EndProject
Project("{2150E333-8FDC-42A3-9474-1A3956D46DE8}") = "src", "src", "{05AEB28A-FB37-4153-8FD5-2D93A931D1E7}"
EndProject
Project("{2150E333-8FDC-42A3-9474-1A3956D46DE8}") = "docs", "docs", "{F1704382-2E22-487D-A4C8-C772392DB046}"
EndProject
Project("{2150E333-8FDC-42A3-9474-1A3956D46DE8}") = "tests", "tests", "{F2E08F7B-8F89-47D0-A399-B2ADA24FD835}"
EndProject
Project("{FAE04EC0-301F-11D3-BF4B-00C04F79EFBC}") = "MatchingAlgorithm.Tests", "tests\MatchingAlgorithm.Tests\MatchingAlgorithm.Tests.csproj", "{6130E40D-BED8-4166-AD24-4E7D3A4870D2}"
EndProject
Project("{2150E333-8FDC-42A3-9474-1A3956D46DE8}") = "tools", "tools", "{7B362731-04C8-4EEE-930C-EE40988B16BD}"
EndProject
Project("{FAE04EC0-301F-11D3-BF4B-00C04F79EFBC}") = "MatchingAlgorithm", "src\MatchingAlgorithm\MatchingAlgorithm.csproj", "{6A513D07-2447-42C1-A530-EB41A56B5465}"
EndProject
Project("{FAE04EC0-301F-11D3-BF4B-00C04F79EFBC}") = "Anemone", "src\Anemone\Anemone.csproj", "{E668BAA3-99A5-493E-8B0F-DB383F94A8FC}"
EndProject
Project("{FAE04EC0-301F-11D3-BF4B-00C04F79EFBC}") = "Anemone.Core", "src\Anemone.Core\Anemone.Core.csproj", "{19FCEA50-AD0A-4516-A2F8-AA006FC408D8}"
EndProject
Project("{FAE04EC0-301F-11D3-BF4B-00C04F79EFBC}") = "Anemone.DataImport", "src\Anemone.DataImport\Anemone.DataImport.csproj", "{299C3292-675B-4ACC-9286-9C3043694CCC}"
EndProject
Project("{FAE04EC0-301F-11D3-BF4B-00C04F79EFBC}") = "Anemone.Repository", "src\Anemone.Repository\Anemone.Repository.csproj", "{496513AF-3E8F-4502-9840-8743EFAE75E3}"
EndProject
Project("{FAE04EC0-301F-11D3-BF4B-00C04F79EFBC}") = "Anemone.Repository.Tests", "tests\Anemone.Repository.Tests\Anemone.Repository.Tests.csproj", "{002B938E-B59B-4A9C-8774-176A9F3313E6}"
EndProject
Project("{FAE04EC0-301F-11D3-BF4B-00C04F79EFBC}") = "Anemone.RepositoryMock", "tests\Anemone.RepositoryMock\Anemone.RepositoryMock.csproj", "{29CFE7E3-82AE-4F1C-8843-F2A7BB83B51D}"
EndProject
Project("{FAE04EC0-301F-11D3-BF4B-00C04F79EFBC}") = "Anemone.DataImport.Tests", "tests\Anemone.DataImport.Tests\Anemone.DataImport.Tests.csproj", "{B70D7F5D-DA9C-4FD0-BE57-ED7AA787F390}"
EndProject
Global
	GlobalSection(SolutionConfigurationPlatforms) = preSolution
		Debug|x64 = Debug|x64
		Debug|x86 = Debug|x86
		Release|x64 = Release|x64
		Release|x86 = Release|x86
	EndGlobalSection
	GlobalSection(ProjectConfigurationPlatforms) = postSolution
		{6130E40D-BED8-4166-AD24-4E7D3A4870D2}.Debug|x64.ActiveCfg = Debug|Any CPU
		{6130E40D-BED8-4166-AD24-4E7D3A4870D2}.Debug|x64.Build.0 = Debug|Any CPU
		{6130E40D-BED8-4166-AD24-4E7D3A4870D2}.Debug|x86.ActiveCfg = Debug|Any CPU
		{6130E40D-BED8-4166-AD24-4E7D3A4870D2}.Debug|x86.Build.0 = Debug|Any CPU
		{6130E40D-BED8-4166-AD24-4E7D3A4870D2}.Release|x64.ActiveCfg = Release|Any CPU
		{6130E40D-BED8-4166-AD24-4E7D3A4870D2}.Release|x64.Build.0 = Release|Any CPU
		{6130E40D-BED8-4166-AD24-4E7D3A4870D2}.Release|x86.ActiveCfg = Release|Any CPU
		{6130E40D-BED8-4166-AD24-4E7D3A4870D2}.Release|x86.Build.0 = Release|Any CPU
		{6A513D07-2447-42C1-A530-EB41A56B5465}.Debug|x64.ActiveCfg = Debug|Any CPU
		{6A513D07-2447-42C1-A530-EB41A56B5465}.Debug|x64.Build.0 = Debug|Any CPU
		{6A513D07-2447-42C1-A530-EB41A56B5465}.Debug|x86.ActiveCfg = Debug|Any CPU
		{6A513D07-2447-42C1-A530-EB41A56B5465}.Debug|x86.Build.0 = Debug|Any CPU
		{6A513D07-2447-42C1-A530-EB41A56B5465}.Release|x64.ActiveCfg = Release|Any CPU
		{6A513D07-2447-42C1-A530-EB41A56B5465}.Release|x64.Build.0 = Release|Any CPU
		{6A513D07-2447-42C1-A530-EB41A56B5465}.Release|x86.ActiveCfg = Release|Any CPU
		{6A513D07-2447-42C1-A530-EB41A56B5465}.Release|x86.Build.0 = Release|Any CPU
		{E668BAA3-99A5-493E-8B0F-DB383F94A8FC}.Debug|x64.ActiveCfg = Debug|Any CPU
		{E668BAA3-99A5-493E-8B0F-DB383F94A8FC}.Debug|x64.Build.0 = Debug|Any CPU
		{E668BAA3-99A5-493E-8B0F-DB383F94A8FC}.Debug|x86.ActiveCfg = Debug|Any CPU
		{E668BAA3-99A5-493E-8B0F-DB383F94A8FC}.Debug|x86.Build.0 = Debug|Any CPU
		{E668BAA3-99A5-493E-8B0F-DB383F94A8FC}.Release|x64.ActiveCfg = Release|Any CPU
		{E668BAA3-99A5-493E-8B0F-DB383F94A8FC}.Release|x64.Build.0 = Release|Any CPU
		{E668BAA3-99A5-493E-8B0F-DB383F94A8FC}.Release|x86.ActiveCfg = Release|Any CPU
		{E668BAA3-99A5-493E-8B0F-DB383F94A8FC}.Release|x86.Build.0 = Release|Any CPU
		{19FCEA50-AD0A-4516-A2F8-AA006FC408D8}.Debug|x64.ActiveCfg = Debug|Any CPU
		{19FCEA50-AD0A-4516-A2F8-AA006FC408D8}.Debug|x64.Build.0 = Debug|Any CPU
		{19FCEA50-AD0A-4516-A2F8-AA006FC408D8}.Debug|x86.ActiveCfg = Debug|Any CPU
		{19FCEA50-AD0A-4516-A2F8-AA006FC408D8}.Debug|x86.Build.0 = Debug|Any CPU
		{19FCEA50-AD0A-4516-A2F8-AA006FC408D8}.Release|x64.ActiveCfg = Release|Any CPU
		{19FCEA50-AD0A-4516-A2F8-AA006FC408D8}.Release|x64.Build.0 = Release|Any CPU
		{19FCEA50-AD0A-4516-A2F8-AA006FC408D8}.Release|x86.ActiveCfg = Release|Any CPU
		{19FCEA50-AD0A-4516-A2F8-AA006FC408D8}.Release|x86.Build.0 = Release|Any CPU
		{299C3292-675B-4ACC-9286-9C3043694CCC}.Debug|x64.ActiveCfg = Debug|Any CPU
		{299C3292-675B-4ACC-9286-9C3043694CCC}.Debug|x64.Build.0 = Debug|Any CPU
		{299C3292-675B-4ACC-9286-9C3043694CCC}.Debug|x86.ActiveCfg = Debug|Any CPU
		{299C3292-675B-4ACC-9286-9C3043694CCC}.Debug|x86.Build.0 = Debug|Any CPU
		{299C3292-675B-4ACC-9286-9C3043694CCC}.Release|x64.ActiveCfg = Release|Any CPU
		{299C3292-675B-4ACC-9286-9C3043694CCC}.Release|x64.Build.0 = Release|Any CPU
		{299C3292-675B-4ACC-9286-9C3043694CCC}.Release|x86.ActiveCfg = Release|Any CPU
		{299C3292-675B-4ACC-9286-9C3043694CCC}.Release|x86.Build.0 = Release|Any CPU
		{496513AF-3E8F-4502-9840-8743EFAE75E3}.Debug|x64.ActiveCfg = Debug|Any CPU
		{496513AF-3E8F-4502-9840-8743EFAE75E3}.Debug|x64.Build.0 = Debug|Any CPU
		{496513AF-3E8F-4502-9840-8743EFAE75E3}.Debug|x86.ActiveCfg = Debug|Any CPU
		{496513AF-3E8F-4502-9840-8743EFAE75E3}.Debug|x86.Build.0 = Debug|Any CPU
		{496513AF-3E8F-4502-9840-8743EFAE75E3}.Release|x64.ActiveCfg = Release|Any CPU
		{496513AF-3E8F-4502-9840-8743EFAE75E3}.Release|x64.Build.0 = Release|Any CPU
		{496513AF-3E8F-4502-9840-8743EFAE75E3}.Release|x86.ActiveCfg = Release|Any CPU
		{496513AF-3E8F-4502-9840-8743EFAE75E3}.Release|x86.Build.0 = Release|Any CPU
		{002B938E-B59B-4A9C-8774-176A9F3313E6}.Debug|x64.ActiveCfg = Debug|Any CPU
		{002B938E-B59B-4A9C-8774-176A9F3313E6}.Debug|x64.Build.0 = Debug|Any CPU
		{002B938E-B59B-4A9C-8774-176A9F3313E6}.Debug|x86.ActiveCfg = Debug|Any CPU
		{002B938E-B59B-4A9C-8774-176A9F3313E6}.Debug|x86.Build.0 = Debug|Any CPU
		{002B938E-B59B-4A9C-8774-176A9F3313E6}.Release|x64.ActiveCfg = Release|Any CPU
		{002B938E-B59B-4A9C-8774-176A9F3313E6}.Release|x64.Build.0 = Release|Any CPU
		{002B938E-B59B-4A9C-8774-176A9F3313E6}.Release|x86.ActiveCfg = Release|Any CPU
		{002B938E-B59B-4A9C-8774-176A9F3313E6}.Release|x86.Build.0 = Release|Any CPU
		{29CFE7E3-82AE-4F1C-8843-F2A7BB83B51D}.Debug|x64.ActiveCfg = Debug|Any CPU
		{29CFE7E3-82AE-4F1C-8843-F2A7BB83B51D}.Debug|x64.Build.0 = Debug|Any CPU
		{29CFE7E3-82AE-4F1C-8843-F2A7BB83B51D}.Debug|x86.ActiveCfg = Debug|Any CPU
		{29CFE7E3-82AE-4F1C-8843-F2A7BB83B51D}.Debug|x86.Build.0 = Debug|Any CPU
		{29CFE7E3-82AE-4F1C-8843-F2A7BB83B51D}.Release|x64.ActiveCfg = Release|Any CPU
		{29CFE7E3-82AE-4F1C-8843-F2A7BB83B51D}.Release|x64.Build.0 = Release|Any CPU
		{29CFE7E3-82AE-4F1C-8843-F2A7BB83B51D}.Release|x86.ActiveCfg = Release|Any CPU
		{29CFE7E3-82AE-4F1C-8843-F2A7BB83B51D}.Release|x86.Build.0 = Release|Any CPU
		{B70D7F5D-DA9C-4FD0-BE57-ED7AA787F390}.Debug|x64.ActiveCfg = Debug|Any CPU
        {B70D7F5D-DA9C-4FD0-BE57-ED7AA787F390}.Debug|x64.Build.0 = Debug|Any CPU
        {B70D7F5D-DA9C-4FD0-BE57-ED7AA787F390}.Debug|x86.ActiveCfg = Debug|Any CPU
        {B70D7F5D-DA9C-4FD0-BE57-ED7AA787F390}.Debug|x86.Build.0 = Debug|Any CPU
        {B70D7F5D-DA9C-4FD0-BE57-ED7AA787F390}.Release|x64.ActiveCfg = Release|Any CPU
        {B70D7F5D-DA9C-4FD0-BE57-ED7AA787F390}.Release|x64.Build.0 = Release|Any CPU
        {B70D7F5D-DA9C-4FD0-BE57-ED7AA787F390}.Release|x86.ActiveCfg = Release|Any CPU
        {B70D7F5D-DA9C-4FD0-BE57-ED7AA787F390}.Release|x86.Build.0 = Release|Any CPU
	EndGlobalSection
	GlobalSection(SolutionProperties) = preSolution
		HideSolutionNode = FALSE
	EndGlobalSection
	GlobalSection(NestedProjects) = preSolution
		{6130E40D-BED8-4166-AD24-4E7D3A4870D2} = {F2E08F7B-8F89-47D0-A399-B2ADA24FD835}
		{6A513D07-2447-42C1-A530-EB41A56B5465} = {05AEB28A-FB37-4153-8FD5-2D93A931D1E7}
		{E668BAA3-99A5-493E-8B0F-DB383F94A8FC} = {05AEB28A-FB37-4153-8FD5-2D93A931D1E7}
		{19FCEA50-AD0A-4516-A2F8-AA006FC408D8} = {05AEB28A-FB37-4153-8FD5-2D93A931D1E7}
		{299C3292-675B-4ACC-9286-9C3043694CCC} = {05AEB28A-FB37-4153-8FD5-2D93A931D1E7}
		{496513AF-3E8F-4502-9840-8743EFAE75E3} = {05AEB28A-FB37-4153-8FD5-2D93A931D1E7}
		{002B938E-B59B-4A9C-8774-176A9F3313E6} = {F2E08F7B-8F89-47D0-A399-B2ADA24FD835}
		{29CFE7E3-82AE-4F1C-8843-F2A7BB83B51D} = {F2E08F7B-8F89-47D0-A399-B2ADA24FD835}
		{B70D7F5D-DA9C-4FD0-BE57-ED7AA787F390} = {F2E08F7B-8F89-47D0-A399-B2ADA24FD835}
	EndGlobalSection
	GlobalSection(ExtensibilityGlobals) = postSolution
		SolutionGuid = {4B7C3DFE-1EA2-424D-934B-388E7A485DA8}
	EndGlobalSection
EndGlobal
